// !$*UTF8*$!
{
	archiveVersion = 1;
	classes = {
	};
	objectVersion = 77;
	objects = {

/* Begin PBXContainerItemProxy section */
		04D9407F2CE38E01001B20D4 /* PBXContainerItemProxy */ = {
			isa = PBXContainerItemProxy;
			containerPortal = 04D940662CE38DFF001B20D4 /* Project object */;
			proxyType = 1;
			remoteGlobalIDString = 04D9406D2CE38DFF001B20D4;
			remoteInfo = "背景画像の変更";
		};
		04D940892CE38E01001B20D4 /* PBXContainerItemProxy */ = {
			isa = PBXContainerItemProxy;
			containerPortal = 04D940662CE38DFF001B20D4 /* Project object */;
			proxyType = 1;
			remoteGlobalIDString = 04D9406D2CE38DFF001B20D4;
			remoteInfo = "背景画像の変更";
		};
/* End PBXContainerItemProxy section */

/* Begin PBXFileReference section */
		04D9406E2CE38DFF001B20D4 /* 背景画像の変更.app */ = {isa = PBXFileReference; explicitFileType = wrapper.application; includeInIndex = 0; path = "背景画像の変更.app"; sourceTree = BUILT_PRODUCTS_DIR; };
		04D9407E2CE38E01001B20D4 /* 背景画像の変更Tests.xctest */ = {isa = PBXFileReference; explicitFileType = wrapper.cfbundle; includeInIndex = 0; path = "背景画像の変更Tests.xctest"; sourceTree = BUILT_PRODUCTS_DIR; };
		04D940882CE38E01001B20D4 /* 背景画像の変更UITests.xctest */ = {isa = PBXFileReference; explicitFileType = wrapper.cfbundle; includeInIndex = 0; path = "背景画像の変更UITests.xctest"; sourceTree = BUILT_PRODUCTS_DIR; };
/* End PBXFileReference section */

/* Begin PBXFileSystemSynchronizedRootGroup section */
		04D940702CE38DFF001B20D4 /* 背景画像の変更 */ = {
			isa = PBXFileSystemSynchronizedRootGroup;
			path = "背景画像の変更";
			sourceTree = "<group>";
		};
		04D940812CE38E01001B20D4 /* 背景画像の変更Tests */ = {
			isa = PBXFileSystemSynchronizedRootGroup;
			path = "背景画像の変更Tests";
			sourceTree = "<group>";
		};
		04D9408B2CE38E01001B20D4 /* 背景画像の変更UITests */ = {
			isa = PBXFileSystemSynchronizedRootGroup;
			path = "背景画像の変更UITests";
			sourceTree = "<group>";
		};
/* End PBXFileSystemSynchronizedRootGroup section */

/* Begin PBXFrameworksBuildPhase section */
		04D9406B2CE38DFF001B20D4 /* Frameworks */ = {
			isa = PBXFrameworksBuildPhase;
			buildActionMask = 2147483647;
			files = (
			);
			runOnlyForDeploymentPostprocessing = 0;
		};
		04D9407B2CE38E01001B20D4 /* Frameworks */ = {
			isa = PBXFrameworksBuildPhase;
			buildActionMask = 2147483647;
			files = (
			);
			runOnlyForDeploymentPostprocessing = 0;
		};
		04D940852CE38E01001B20D4 /* Frameworks */ = {
			isa = PBXFrameworksBuildPhase;
			buildActionMask = 2147483647;
			files = (
			);
			runOnlyForDeploymentPostprocessing = 0;
		};
/* End PBXFrameworksBuildPhase section */

/* Begin PBXGroup section */
		04D940652CE38DFF001B20D4 = {
			isa = PBXGroup;
			children = (
				04D940702CE38DFF001B20D4 /* 背景画像の変更 */,
				04D940812CE38E01001B20D4 /* 背景画像の変更Tests */,
				04D9408B2CE38E01001B20D4 /* 背景画像の変更UITests */,
				04D9406F2CE38DFF001B20D4 /* Products */,
			);
			sourceTree = "<group>";
		};
		04D9406F2CE38DFF001B20D4 /* Products */ = {
			isa = PBXGroup;
			children = (
				04D9406E2CE38DFF001B20D4 /* 背景画像の変更.app */,
				04D9407E2CE38E01001B20D4 /* 背景画像の変更Tests.xctest */,
				04D940882CE38E01001B20D4 /* 背景画像の変更UITests.xctest */,
			);
			name = Products;
			sourceTree = "<group>";
		};
/* End PBXGroup section */

/* Begin PBXNativeTarget section */
		04D9406D2CE38DFF001B20D4 /* 背景画像の変更 */ = {
			isa = PBXNativeTarget;
			buildConfigurationList = 04D940922CE38E01001B20D4 /* Build configuration list for PBXNativeTarget "背景画像の変更" */;
			buildPhases = (
				04D9406A2CE38DFF001B20D4 /* Sources */,
				04D9406B2CE38DFF001B20D4 /* Frameworks */,
				04D9406C2CE38DFF001B20D4 /* Resources */,
			);
			buildRules = (
			);
			dependencies = (
			);
			fileSystemSynchronizedGroups = (
				04D940702CE38DFF001B20D4 /* 背景画像の変更 */,
			);
			name = "背景画像の変更";
			packageProductDependencies = (
			);
			productName = "背景画像の変更";
			productReference = 04D9406E2CE38DFF001B20D4 /* 背景画像の変更.app */;
			productType = "com.apple.product-type.application";
		};
		04D9407D2CE38E01001B20D4 /* 背景画像の変更Tests */ = {
			isa = PBXNativeTarget;
			buildConfigurationList = 04D940952CE38E01001B20D4 /* Build configuration list for PBXNativeTarget "背景画像の変更Tests" */;
			buildPhases = (
				04D9407A2CE38E01001B20D4 /* Sources */,
				04D9407B2CE38E01001B20D4 /* Frameworks */,
				04D9407C2CE38E01001B20D4 /* Resources */,
			);
			buildRules = (
			);
			dependencies = (
				04D940802CE38E01001B20D4 /* PBXTargetDependency */,
			);
			fileSystemSynchronizedGroups = (
				04D940812CE38E01001B20D4 /* 背景画像の変更Tests */,
			);
			name = "背景画像の変更Tests";
			packageProductDependencies = (
			);
			productName = "背景画像の変更Tests";
			productReference = 04D9407E2CE38E01001B20D4 /* 背景画像の変更Tests.xctest */;
			productType = "com.apple.product-type.bundle.unit-test";
		};
		04D940872CE38E01001B20D4 /* 背景画像の変更UITests */ = {
			isa = PBXNativeTarget;
			buildConfigurationList = 04D940982CE38E01001B20D4 /* Build configuration list for PBXNativeTarget "背景画像の変更UITests" */;
			buildPhases = (
				04D940842CE38E01001B20D4 /* Sources */,
				04D940852CE38E01001B20D4 /* Frameworks */,
				04D940862CE38E01001B20D4 /* Resources */,
			);
			buildRules = (
			);
			dependencies = (
				04D9408A2CE38E01001B20D4 /* PBXTargetDependency */,
			);
			fileSystemSynchronizedGroups = (
				04D9408B2CE38E01001B20D4 /* 背景画像の変更UITests */,
			);
			name = "背景画像の変更UITests";
			packageProductDependencies = (
			);
			productName = "背景画像の変更UITests";
			productReference = 04D940882CE38E01001B20D4 /* 背景画像の変更UITests.xctest */;
			productType = "com.apple.product-type.bundle.ui-testing";
		};
/* End PBXNativeTarget section */

/* Begin PBXProject section */
		04D940662CE38DFF001B20D4 /* Project object */ = {
			isa = PBXProject;
			attributes = {
				BuildIndependentTargetsInParallel = 1;
				LastSwiftUpdateCheck = 1610;
				LastUpgradeCheck = 1610;
				TargetAttributes = {
					04D9406D2CE38DFF001B20D4 = {
						CreatedOnToolsVersion = 16.1;
					};
					04D9407D2CE38E01001B20D4 = {
						CreatedOnToolsVersion = 16.1;
						TestTargetID = 04D9406D2CE38DFF001B20D4;
					};
					04D940872CE38E01001B20D4 = {
						CreatedOnToolsVersion = 16.1;
						TestTargetID = 04D9406D2CE38DFF001B20D4;
					};
				};
			};
			buildConfigurationList = 04D940692CE38DFF001B20D4 /* Build configuration list for PBXProject "背景画像の変更" */;
			developmentRegion = en;
			hasScannedForEncodings = 0;
			knownRegions = (
				en,
				Base,
			);
			mainGroup = 04D940652CE38DFF001B20D4;
			minimizedProjectReferenceProxies = 1;
			preferredProjectObjectVersion = 77;
			productRefGroup = 04D9406F2CE38DFF001B20D4 /* Products */;
			projectDirPath = "";
			projectRoot = "";
			targets = (
				04D9406D2CE38DFF001B20D4 /* 背景画像の変更 */,
				04D9407D2CE38E01001B20D4 /* 背景画像の変更Tests */,
				04D940872CE38E01001B20D4 /* 背景画像の変更UITests */,
			);
		};
/* End PBXProject section */

/* Begin PBXResourcesBuildPhase section */
		04D9406C2CE38DFF001B20D4 /* Resources */ = {
			isa = PBXResourcesBuildPhase;
			buildActionMask = 2147483647;
			files = (
			);
			runOnlyForDeploymentPostprocessing = 0;
		};
		04D9407C2CE38E01001B20D4 /* Resources */ = {
			isa = PBXResourcesBuildPhase;
			buildActionMask = 2147483647;
			files = (
			);
			runOnlyForDeploymentPostprocessing = 0;
		};
		04D940862CE38E01001B20D4 /* Resources */ = {
			isa = PBXResourcesBuildPhase;
			buildActionMask = 2147483647;
			files = (
			);
			runOnlyForDeploymentPostprocessing = 0;
		};
/* End PBXResourcesBuildPhase section */

/* Begin PBXSourcesBuildPhase section */
		04D9406A2CE38DFF001B20D4 /* Sources */ = {
			isa = PBXSourcesBuildPhase;
			buildActionMask = 2147483647;
			files = (
			);
			runOnlyForDeploymentPostprocessing = 0;
		};
		04D9407A2CE38E01001B20D4 /* Sources */ = {
			isa = PBXSourcesBuildPhase;
			buildActionMask = 2147483647;
			files = (
			);
			runOnlyForDeploymentPostprocessing = 0;
		};
		04D940842CE38E01001B20D4 /* Sources */ = {
			isa = PBXSourcesBuildPhase;
			buildActionMask = 2147483647;
			files = (
			);
			runOnlyForDeploymentPostprocessing = 0;
		};
/* End PBXSourcesBuildPhase section */

/* Begin PBXTargetDependency section */
		04D940802CE38E01001B20D4 /* PBXTargetDependency */ = {
			isa = PBXTargetDependency;
			target = 04D9406D2CE38DFF001B20D4 /* 背景画像の変更 */;
			targetProxy = 04D9407F2CE38E01001B20D4 /* PBXContainerItemProxy */;
		};
		04D9408A2CE38E01001B20D4 /* PBXTargetDependency */ = {
			isa = PBXTargetDependency;
			target = 04D9406D2CE38DFF001B20D4 /* 背景画像の変更 */;
			targetProxy = 04D940892CE38E01001B20D4 /* PBXContainerItemProxy */;
		};
/* End PBXTargetDependency section */

/* Begin XCBuildConfiguration section */
		04D940902CE38E01001B20D4 /* Debug */ = {
			isa = XCBuildConfiguration;
			buildSettings = {
				ALWAYS_SEARCH_USER_PATHS = NO;
				ASSETCATALOG_COMPILER_GENERATE_SWIFT_ASSET_SYMBOL_EXTENSIONS = YES;
				CLANG_ANALYZER_NONNULL = YES;
				CLANG_ANALYZER_NUMBER_OBJECT_CONVERSION = YES_AGGRESSIVE;
				CLANG_CXX_LANGUAGE_STANDARD = "gnu++20";
				CLANG_ENABLE_MODULES = YES;
				CLANG_ENABLE_OBJC_ARC = YES;
				CLANG_ENABLE_OBJC_WEAK = YES;
				CLANG_WARN_BLOCK_CAPTURE_AUTORELEASING = YES;
				CLANG_WARN_BOOL_CONVERSION = YES;
				CLANG_WARN_COMMA = YES;
				CLANG_WARN_CONSTANT_CONVERSION = YES;
				CLANG_WARN_DEPRECATED_OBJC_IMPLEMENTATIONS = YES;
				CLANG_WARN_DIRECT_OBJC_ISA_USAGE = YES_ERROR;
				CLANG_WARN_DOCUMENTATION_COMMENTS = YES;
				CLANG_WARN_EMPTY_BODY = YES;
				CLANG_WARN_ENUM_CONVERSION = YES;
				CLANG_WARN_INFINITE_RECURSION = YES;
				CLANG_WARN_INT_CONVERSION = YES;
				CLANG_WARN_NON_LITERAL_NULL_CONVERSION = YES;
				CLANG_WARN_OBJC_IMPLICIT_RETAIN_SELF = YES;
				CLANG_WARN_OBJC_LITERAL_CONVERSION = YES;
				CLANG_WARN_OBJC_ROOT_CLASS = YES_ERROR;
				CLANG_WARN_QUOTED_INCLUDE_IN_FRAMEWORK_HEADER = YES;
				CLANG_WARN_RANGE_LOOP_ANALYSIS = YES;
				CLANG_WARN_STRICT_PROTOTYPES = YES;
				CLANG_WARN_SUSPICIOUS_MOVE = YES;
				CLANG_WARN_UNGUARDED_AVAILABILITY = YES_AGGRESSIVE;
				CLANG_WARN_UNREACHABLE_CODE = YES;
				CLANG_WARN__DUPLICATE_METHOD_MATCH = YES;
				COPY_PHASE_STRIP = NO;
				DEBUG_INFORMATION_FORMAT = dwarf;
				ENABLE_STRICT_OBJC_MSGSEND = YES;
				ENABLE_TESTABILITY = YES;
				ENABLE_USER_SCRIPT_SANDBOXING = YES;
				GCC_C_LANGUAGE_STANDARD = gnu17;
				GCC_DYNAMIC_NO_PIC = NO;
				GCC_NO_COMMON_BLOCKS = YES;
				GCC_OPTIMIZATION_LEVEL = 0;
				GCC_PREPROCESSOR_DEFINITIONS = (
					"DEBUG=1",
					"$(inherited)",
				);
				GCC_WARN_64_TO_32_BIT_CONVERSION = YES;
				GCC_WARN_ABOUT_RETURN_TYPE = YES_ERROR;
				GCC_WARN_UNDECLARED_SELECTOR = YES;
				GCC_WARN_UNINITIALIZED_AUTOS = YES_AGGRESSIVE;
				GCC_WARN_UNUSED_FUNCTION = YES;
				GCC_WARN_UNUSED_VARIABLE = YES;
				IPHONEOS_DEPLOYMENT_TARGET = 18.1;
				LOCALIZATION_PREFERS_STRING_CATALOGS = YES;
				MTL_ENABLE_DEBUG_INFO = INCLUDE_SOURCE;
				MTL_FAST_MATH = YES;
				ONLY_ACTIVE_ARCH = YES;
				SDKROOT = iphoneos;
				SWIFT_ACTIVE_COMPILATION_CONDITIONS = "DEBUG $(inherited)";
				SWIFT_OPTIMIZATION_LEVEL = "-Onone";
			};
			name = Debug;
		};
		04D940912CE38E01001B20D4 /* Release */ = {
			isa = XCBuildConfiguration;
			buildSettings = {
				ALWAYS_SEARCH_USER_PATHS = NO;
				ASSETCATALOG_COMPILER_GENERATE_SWIFT_ASSET_SYMBOL_EXTENSIONS = YES;
				CLANG_ANALYZER_NONNULL = YES;
				CLANG_ANALYZER_NUMBER_OBJECT_CONVERSION = YES_AGGRESSIVE;
				CLANG_CXX_LANGUAGE_STANDARD = "gnu++20";
				CLANG_ENABLE_MODULES = YES;
				CLANG_ENABLE_OBJC_ARC = YES;
				CLANG_ENABLE_OBJC_WEAK = YES;
				CLANG_WARN_BLOCK_CAPTURE_AUTORELEASING = YES;
				CLANG_WARN_BOOL_CONVERSION = YES;
				CLANG_WARN_COMMA = YES;
				CLANG_WARN_CONSTANT_CONVERSION = YES;
				CLANG_WARN_DEPRECATED_OBJC_IMPLEMENTATIONS = YES;
				CLANG_WARN_DIRECT_OBJC_ISA_USAGE = YES_ERROR;
				CLANG_WARN_DOCUMENTATION_COMMENTS = YES;
				CLANG_WARN_EMPTY_BODY = YES;
				CLANG_WARN_ENUM_CONVERSION = YES;
				CLANG_WARN_INFINITE_RECURSION = YES;
				CLANG_WARN_INT_CONVERSION = YES;
				CLANG_WARN_NON_LITERAL_NULL_CONVERSION = YES;
				CLANG_WARN_OBJC_IMPLICIT_RETAIN_SELF = YES;
				CLANG_WARN_OBJC_LITERAL_CONVERSION = YES;
				CLANG_WARN_OBJC_ROOT_CLASS = YES_ERROR;
				CLANG_WARN_QUOTED_INCLUDE_IN_FRAMEWORK_HEADER = YES;
				CLANG_WARN_RANGE_LOOP_ANALYSIS = YES;
				CLANG_WARN_STRICT_PROTOTYPES = YES;
				CLANG_WARN_SUSPICIOUS_MOVE = YES;
				CLANG_WARN_UNGUARDED_AVAILABILITY = YES_AGGRESSIVE;
				CLANG_WARN_UNREACHABLE_CODE = YES;
				CLANG_WARN__DUPLICATE_METHOD_MATCH = YES;
				COPY_PHASE_STRIP = NO;
				DEBUG_INFORMATION_FORMAT = "dwarf-with-dsym";
				ENABLE_NS_ASSERTIONS = NO;
				ENABLE_STRICT_OBJC_MSGSEND = YES;
				ENABLE_USER_SCRIPT_SANDBOXING = YES;
				GCC_C_LANGUAGE_STANDARD = gnu17;
				GCC_NO_COMMON_BLOCKS = YES;
				GCC_WARN_64_TO_32_BIT_CONVERSION = YES;
				GCC_WARN_ABOUT_RETURN_TYPE = YES_ERROR;
				GCC_WARN_UNDECLARED_SELECTOR = YES;
				GCC_WARN_UNINITIALIZED_AUTOS = YES_AGGRESSIVE;
				GCC_WARN_UNUSED_FUNCTION = YES;
				GCC_WARN_UNUSED_VARIABLE = YES;
				IPHONEOS_DEPLOYMENT_TARGET = 18.1;
				LOCALIZATION_PREFERS_STRING_CATALOGS = YES;
				MTL_ENABLE_DEBUG_INFO = NO;
				MTL_FAST_MATH = YES;
				SDKROOT = iphoneos;
				SWIFT_COMPILATION_MODE = wholemodule;
				VALIDATE_PRODUCT = YES;
			};
			name = Release;
		};
		04D940932CE38E01001B20D4 /* Debug */ = {
			isa = XCBuildConfiguration;
			buildSettings = {
				ASSETCATALOG_COMPILER_APPICON_NAME = AppIcon;
				ASSETCATALOG_COMPILER_GLOBAL_ACCENT_COLOR_NAME = AccentColor;
				CODE_SIGN_STYLE = Automatic;
				CURRENT_PROJECT_VERSION = 1;
				DEVELOPMENT_ASSET_PATHS = "\"背景画像の変更/Preview Content\"";
				ENABLE_PREVIEWS = YES;
				GENERATE_INFOPLIST_FILE = YES;
				INFOPLIST_KEY_UIApplicationSceneManifest_Generation = YES;
				INFOPLIST_KEY_UIApplicationSupportsIndirectInputEvents = YES;
				INFOPLIST_KEY_UILaunchScreen_Generation = YES;
				INFOPLIST_KEY_UISupportedInterfaceOrientations_iPad = "UIInterfaceOrientationPortrait UIInterfaceOrientationPortraitUpsideDown UIInterfaceOrientationLandscapeLeft UIInterfaceOrientationLandscapeRight";
				INFOPLIST_KEY_UISupportedInterfaceOrientations_iPhone = "UIInterfaceOrientationPortrait UIInterfaceOrientationLandscapeLeft UIInterfaceOrientationLandscapeRight";
				LD_RUNPATH_SEARCH_PATHS = (
					"$(inherited)",
					"@executable_path/Frameworks",
				);
				MARKETING_VERSION = 1.0;
				PRODUCT_BUNDLE_IDENTIFIER = "-.-------";
				PRODUCT_NAME = "$(TARGET_NAME)";
				SWIFT_EMIT_LOC_STRINGS = YES;
				SWIFT_VERSION = 5.0;
				TARGETED_DEVICE_FAMILY = "1,2";
			};
			name = Debug;
		};
		04D940942CE38E01001B20D4 /* Release */ = {
			isa = XCBuildConfiguration;
			buildSettings = {
				ASSETCATALOG_COMPILER_APPICON_NAME = AppIcon;
				ASSETCATALOG_COMPILER_GLOBAL_ACCENT_COLOR_NAME = AccentColor;
				CODE_SIGN_STYLE = Automatic;
				CURRENT_PROJECT_VERSION = 1;
				DEVELOPMENT_ASSET_PATHS = "\"背景画像の変更/Preview Content\"";
				ENABLE_PREVIEWS = YES;
				GENERATE_INFOPLIST_FILE = YES;
				INFOPLIST_KEY_UIApplicationSceneManifest_Generation = YES;
				INFOPLIST_KEY_UIApplicationSupportsIndirectInputEvents = YES;
				INFOPLIST_KEY_UILaunchScreen_Generation = YES;
				INFOPLIST_KEY_UISupportedInterfaceOrientations_iPad = "UIInterfaceOrientationPortrait UIInterfaceOrientationPortraitUpsideDown UIInterfaceOrientationLandscapeLeft UIInterfaceOrientationLandscapeRight";
				INFOPLIST_KEY_UISupportedInterfaceOrientations_iPhone = "UIInterfaceOrientationPortrait UIInterfaceOrientationLandscapeLeft UIInterfaceOrientationLandscapeRight";
				LD_RUNPATH_SEARCH_PATHS = (
					"$(inherited)",
					"@executable_path/Frameworks",
				);
				MARKETING_VERSION = 1.0;
				PRODUCT_BUNDLE_IDENTIFIER = "-.-------";
				PRODUCT_NAME = "$(TARGET_NAME)";
				SWIFT_EMIT_LOC_STRINGS = YES;
				SWIFT_VERSION = 5.0;
				TARGETED_DEVICE_FAMILY = "1,2";
			};
			name = Release;
		};
		04D940962CE38E01001B20D4 /* Debug */ = {
			isa = XCBuildConfiguration;
			buildSettings = {
				BUNDLE_LOADER = "$(TEST_HOST)";
				CODE_SIGN_STYLE = Automatic;
				CURRENT_PROJECT_VERSION = 1;
				GENERATE_INFOPLIST_FILE = YES;
				IPHONEOS_DEPLOYMENT_TARGET = 18.1;
				MARKETING_VERSION = 1.0;
				PRODUCT_BUNDLE_IDENTIFIER = "-.-------Tests";
				PRODUCT_NAME = "$(TARGET_NAME)";
				SWIFT_EMIT_LOC_STRINGS = NO;
				SWIFT_VERSION = 5.0;
				TARGETED_DEVICE_FAMILY = "1,2";
				TEST_HOST = "$(BUILT_PRODUCTS_DIR)/背景画像の変更.app/$(BUNDLE_EXECUTABLE_FOLDER_PATH)/背景画像の変更";
			};
			name = Debug;
		};
		04D940972CE38E01001B20D4 /* Release */ = {
			isa = XCBuildConfiguration;
			buildSettings = {
				BUNDLE_LOADER = "$(TEST_HOST)";
				CODE_SIGN_STYLE = Automatic;
				CURRENT_PROJECT_VERSION = 1;
				GENERATE_INFOPLIST_FILE = YES;
				IPHONEOS_DEPLOYMENT_TARGET = 18.1;
				MARKETING_VERSION = 1.0;
				PRODUCT_BUNDLE_IDENTIFIER = "-.-------Tests";
				PRODUCT_NAME = "$(TARGET_NAME)";
				SWIFT_EMIT_LOC_STRINGS = NO;
				SWIFT_VERSION = 5.0;
				TARGETED_DEVICE_FAMILY = "1,2";
				TEST_HOST = "$(BUILT_PRODUCTS_DIR)/背景画像の変更.app/$(BUNDLE_EXECUTABLE_FOLDER_PATH)/背景画像の変更";
			};
			name = Release;
		};
		04D940992CE38E01001B20D4 /* Debug */ = {
			isa = XCBuildConfiguration;
			buildSettings = {
				CODE_SIGN_STYLE = Automatic;
				CURRENT_PROJECT_VERSION = 1;
				GENERATE_INFOPLIST_FILE = YES;
				MARKETING_VERSION = 1.0;
				PRODUCT_BUNDLE_IDENTIFIER = "-.-------UITests";
				PRODUCT_NAME = "$(TARGET_NAME)";
				SWIFT_EMIT_LOC_STRINGS = NO;
				SWIFT_VERSION = 5.0;
				TARGETED_DEVICE_FAMILY = "1,2";
				TEST_TARGET_NAME = "背景画像の変更";
			};
			name = Debug;
		};
		04D9409A2CE38E01001B20D4 /* Release */ = {
			isa = XCBuildConfiguration;
			buildSettings = {
				CODE_SIGN_STYLE = Automatic;
				CURRENT_PROJECT_VERSION = 1;
				GENERATE_INFOPLIST_FILE = YES;
				MARKETING_VERSION = 1.0;
				PRODUCT_BUNDLE_IDENTIFIER = "-.-------UITests";
				PRODUCT_NAME = "$(TARGET_NAME)";
				SWIFT_EMIT_LOC_STRINGS = NO;
				SWIFT_VERSION = 5.0;
				TARGETED_DEVICE_FAMILY = "1,2";
				TEST_TARGET_NAME = "背景画像の変更";
			};
			name = Release;
		};
/* End XCBuildConfiguration section */

/* Begin XCConfigurationList section */
		04D940692CE38DFF001B20D4 /* Build configuration list for PBXProject "背景画像の変更" */ = {
			isa = XCConfigurationList;
			buildConfigurations = (
				04D940902CE38E01001B20D4 /* Debug */,
				04D940912CE38E01001B20D4 /* Release */,
			);
			defaultConfigurationIsVisible = 0;
			defaultConfigurationName = Release;
		};
		04D940922CE38E01001B20D4 /* Build configuration list for PBXNativeTarget "背景画像の変更" */ = {
			isa = XCConfigurationList;
			buildConfigurations = (
				04D940932CE38E01001B20D4 /* Debug */,
				04D940942CE38E01001B20D4 /* Release */,
			);
			defaultConfigurationIsVisible = 0;
			defaultConfigurationName = Release;
		};
		04D940952CE38E01001B20D4 /* Build configuration list for PBXNativeTarget "背景画像の変更Tests" */ = {
			isa = XCConfigurationList;
			buildConfigurations = (
				04D940962CE38E01001B20D4 /* Debug */,
				04D940972CE38E01001B20D4 /* Release */,
			);
			defaultConfigurationIsVisible = 0;
			defaultConfigurationName = Release;
		};
		04D940982CE38E01001B20D4 /* Build configuration list for PBXNativeTarget "背景画像の変更UITests" */ = {
			isa = XCConfigurationList;
			buildConfigurations = (
				04D940992CE38E01001B20D4 /* Debug */,
				04D9409A2CE38E01001B20D4 /* Release */,
			);
			defaultConfigurationIsVisible = 0;
			defaultConfigurationName = Release;
		};
/* End XCConfigurationList section */
	};
	rootObject = 04D940662CE38DFF001B20D4 /* Project object */;
}
